
Microsoft Visual Studio Solution File, Format Version 12.00
# Visual Studio Version 17
VisualStudioVersion = 17.0.31903.59
MinimumVisualStudioVersion = 10.0.40219.1
Project("{2150E333-8FDC-42A3-9474-1A3956D46DE8}") = "Scraping", "Scraping", "{941B20C2-8066-4AC7-A2FF-6A5E4AF1715C}"
EndProject
Project("{2150E333-8FDC-42A3-9474-1A3956D46DE8}") = "Modules", "Modules", "{DE5272B4-204B-41E4-AD11-C12ACB3A5508}"
EndProject
Project("{2150E333-8FDC-42A3-9474-1A3956D46DE8}") = "LanguageModel", "LanguageModel", "{20265629-EE43-43DA-BC27-EA1E86215508}"
EndProject
Project("{FAE04EC0-301F-11D3-BF4B-00C04F79EFBC}") = "Sirius.LanguageModel.Application", "Modules\LanguageModel\Sirius.LanguageModel.Application\Sirius.LanguageModel.Application.csproj", "{1191A833-CBC4-4DDC-90BB-74374BA79B8E}"
EndProject
Project("{FAE04EC0-301F-11D3-BF4B-00C04F79EFBC}") = "Sirius.LanguageModel.Infrastructure", "Modules\LanguageModel\Sirius.LanguageModel.Infrastructure\Sirius.LanguageModel.Infrastructure.csproj", "{157AF9EC-153A-43CF-8A8A-3594C2DCB072}"
EndProject
Project("{FAE04EC0-301F-11D3-BF4B-00C04F79EFBC}") = "Sirius.LanguageModel.Domain", "Modules\LanguageModel\Sirius.LanguageModel.Domain\Sirius.LanguageModel.Domain.csproj", "{463F3D96-339A-489B-B748-841EDCD66DCC}"
EndProject
Project("{FAE04EC0-301F-11D3-BF4B-00C04F79EFBC}") = "Sirius.Scraping.Application", "Modules\Scraping\Sirius.Scraping.Application\Sirius.Scraping.Application.csproj", "{B6FF0C29-ABF6-459D-8FAF-4BE9C042E3D0}"
EndProject
Project("{FAE04EC0-301F-11D3-BF4B-00C04F79EFBC}") = "Sirius.Scraping.Domain", "Modules\Scraping\Sirius.Scraping.Domain\Sirius.Scraping.Domain.csproj", "{C9362D83-4E9A-454F-91C8-DB13D9196D8C}"
EndProject
Project("{FAE04EC0-301F-11D3-BF4B-00C04F79EFBC}") = "Sirius.Scraping.Infrastructure", "Modules\Scraping\Sirius.Scraping.Infrastructure\Sirius.Scraping.Infrastructure.csproj", "{897827EE-CD68-43D8-ADA2-7237CBC5E8C4}"
EndProject
Project("{2150E333-8FDC-42A3-9474-1A3956D46DE8}") = "User", "User", "{20094899-EA93-4180-84C1-205F76C5BD74}"
EndProject
Project("{FAE04EC0-301F-11D3-BF4B-00C04F79EFBC}") = "Sirius.User.Application", "Modules\User\Sirius.User.Application\Sirius.User.Application.csproj", "{629525B6-703C-414F-BD9E-56A57DE2C6B5}"
EndProject
Project("{FAE04EC0-301F-11D3-BF4B-00C04F79EFBC}") = "Sirius.User.Domain", "Modules\User\Sirius.User.Domain\Sirius.User.Domain.csproj", "{DFA76D2B-6B78-4278-B68E-717588169787}"
EndProject
Project("{FAE04EC0-301F-11D3-BF4B-00C04F79EFBC}") = "Sirius.User.Infrastructure", "Modules\User\Sirius.User.Infrastructure\Sirius.User.Infrastructure.csproj", "{B01C00EE-86CF-4F95-A628-E502EBCE1C6A}"
EndProject
Project("{2150E333-8FDC-42A3-9474-1A3956D46DE8}") = "API", "API", "{6B571532-9555-4134-A647-85E5FE5A6099}"
EndProject
Project("{FAE04EC0-301F-11D3-BF4B-00C04F79EFBC}") = "Sirius.API", "Sirius.API\Sirius.API.csproj", "{0CC90FD4-B88F-49BB-9120-77E0A3116B0D}"
EndProject
Global
	GlobalSection(SolutionConfigurationPlatforms) = preSolution
		Debug|Any CPU = Debug|Any CPU
		Release|Any CPU = Release|Any CPU
	EndGlobalSection
	GlobalSection(ProjectConfigurationPlatforms) = postSolution
		{1191A833-CBC4-4DDC-90BB-74374BA79B8E}.Debug|Any CPU.ActiveCfg = Debug|Any CPU
		{1191A833-CBC4-4DDC-90BB-74374BA79B8E}.Debug|Any CPU.Build.0 = Debug|Any CPU
		{1191A833-CBC4-4DDC-90BB-74374BA79B8E}.Release|Any CPU.ActiveCfg = Release|Any CPU
		{1191A833-CBC4-4DDC-90BB-74374BA79B8E}.Release|Any CPU.Build.0 = Release|Any CPU
		{157AF9EC-153A-43CF-8A8A-3594C2DCB072}.Debug|Any CPU.ActiveCfg = Debug|Any CPU
		{157AF9EC-153A-43CF-8A8A-3594C2DCB072}.Debug|Any CPU.Build.0 = Debug|Any CPU
		{157AF9EC-153A-43CF-8A8A-3594C2DCB072}.Release|Any CPU.ActiveCfg = Release|Any CPU
		{157AF9EC-153A-43CF-8A8A-3594C2DCB072}.Release|Any CPU.Build.0 = Release|Any CPU
		{463F3D96-339A-489B-B748-841EDCD66DCC}.Debug|Any CPU.ActiveCfg = Debug|Any CPU
		{463F3D96-339A-489B-B748-841EDCD66DCC}.Debug|Any CPU.Build.0 = Debug|Any CPU
		{463F3D96-339A-489B-B748-841EDCD66DCC}.Release|Any CPU.ActiveCfg = Release|Any CPU
		{463F3D96-339A-489B-B748-841EDCD66DCC}.Release|Any CPU.Build.0 = Release|Any CPU
		{B6FF0C29-ABF6-459D-8FAF-4BE9C042E3D0}.Debug|Any CPU.ActiveCfg = Debug|Any CPU
		{B6FF0C29-ABF6-459D-8FAF-4BE9C042E3D0}.Debug|Any CPU.Build.0 = Debug|Any CPU
		{B6FF0C29-ABF6-459D-8FAF-4BE9C042E3D0}.Release|Any CPU.ActiveCfg = Release|Any CPU
		{B6FF0C29-ABF6-459D-8FAF-4BE9C042E3D0}.Release|Any CPU.Build.0 = Release|Any CPU
		{C9362D83-4E9A-454F-91C8-DB13D9196D8C}.Debug|Any CPU.ActiveCfg = Debug|Any CPU
		{C9362D83-4E9A-454F-91C8-DB13D9196D8C}.Debug|Any CPU.Build.0 = Debug|Any CPU
		{C9362D83-4E9A-454F-91C8-DB13D9196D8C}.Release|Any CPU.ActiveCfg = Release|Any CPU
		{C9362D83-4E9A-454F-91C8-DB13D9196D8C}.Release|Any CPU.Build.0 = Release|Any CPU
		{897827EE-CD68-43D8-ADA2-7237CBC5E8C4}.Debug|Any CPU.ActiveCfg = Debug|Any CPU
		{897827EE-CD68-43D8-ADA2-7237CBC5E8C4}.Debug|Any CPU.Build.0 = Debug|Any CPU
		{897827EE-CD68-43D8-ADA2-7237CBC5E8C4}.Release|Any CPU.ActiveCfg = Release|Any CPU
		{897827EE-CD68-43D8-ADA2-7237CBC5E8C4}.Release|Any CPU.Build.0 = Release|Any CPU
		{629525B6-703C-414F-BD9E-56A57DE2C6B5}.Debug|Any CPU.ActiveCfg = Debug|Any CPU
		{629525B6-703C-414F-BD9E-56A57DE2C6B5}.Debug|Any CPU.Build.0 = Debug|Any CPU
		{629525B6-703C-414F-BD9E-56A57DE2C6B5}.Release|Any CPU.ActiveCfg = Release|Any CPU
		{629525B6-703C-414F-BD9E-56A57DE2C6B5}.Release|Any CPU.Build.0 = Release|Any CPU
		{DFA76D2B-6B78-4278-B68E-717588169787}.Debug|Any CPU.ActiveCfg = Debug|Any CPU
		{DFA76D2B-6B78-4278-B68E-717588169787}.Debug|Any CPU.Build.0 = Debug|Any CPU
		{DFA76D2B-6B78-4278-B68E-717588169787}.Release|Any CPU.ActiveCfg = Release|Any CPU
		{DFA76D2B-6B78-4278-B68E-717588169787}.Release|Any CPU.Build.0 = Release|Any CPU
		{B01C00EE-86CF-4F95-A628-E502EBCE1C6A}.Debug|Any CPU.ActiveCfg = Debug|Any CPU
		{B01C00EE-86CF-4F95-A628-E502EBCE1C6A}.Debug|Any CPU.Build.0 = Debug|Any CPU
		{B01C00EE-86CF-4F95-A628-E502EBCE1C6A}.Release|Any CPU.ActiveCfg = Release|Any CPU
		{B01C00EE-86CF-4F95-A628-E502EBCE1C6A}.Release|Any CPU.Build.0 = Release|Any CPU
		{0CC90FD4-B88F-49BB-9120-77E0A3116B0D}.Debug|Any CPU.ActiveCfg = Debug|Any CPU
		{0CC90FD4-B88F-49BB-9120-77E0A3116B0D}.Debug|Any CPU.Build.0 = Debug|Any CPU
		{0CC90FD4-B88F-49BB-9120-77E0A3116B0D}.Release|Any CPU.ActiveCfg = Release|Any CPU
		{0CC90FD4-B88F-49BB-9120-77E0A3116B0D}.Release|Any CPU.Build.0 = Release|Any CPU
	EndGlobalSection
	GlobalSection(SolutionProperties) = preSolution
		HideSolutionNode = FALSE
	EndGlobalSection
	GlobalSection(NestedProjects) = preSolution
		{941B20C2-8066-4AC7-A2FF-6A5E4AF1715C} = {DE5272B4-204B-41E4-AD11-C12ACB3A5508}
		{20265629-EE43-43DA-BC27-EA1E86215508} = {DE5272B4-204B-41E4-AD11-C12ACB3A5508}
		{1191A833-CBC4-4DDC-90BB-74374BA79B8E} = {20265629-EE43-43DA-BC27-EA1E86215508}
		{157AF9EC-153A-43CF-8A8A-3594C2DCB072} = {20265629-EE43-43DA-BC27-EA1E86215508}
		{463F3D96-339A-489B-B748-841EDCD66DCC} = {20265629-EE43-43DA-BC27-EA1E86215508}
		{B6FF0C29-ABF6-459D-8FAF-4BE9C042E3D0} = {941B20C2-8066-4AC7-A2FF-6A5E4AF1715C}
		{C9362D83-4E9A-454F-91C8-DB13D9196D8C} = {941B20C2-8066-4AC7-A2FF-6A5E4AF1715C}
		{897827EE-CD68-43D8-ADA2-7237CBC5E8C4} = {941B20C2-8066-4AC7-A2FF-6A5E4AF1715C}
		{20094899-EA93-4180-84C1-205F76C5BD74} = {DE5272B4-204B-41E4-AD11-C12ACB3A5508}
		{629525B6-703C-414F-BD9E-56A57DE2C6B5} = {20094899-EA93-4180-84C1-205F76C5BD74}
		{DFA76D2B-6B78-4278-B68E-717588169787} = {20094899-EA93-4180-84C1-205F76C5BD74}
		{B01C00EE-86CF-4F95-A628-E502EBCE1C6A} = {20094899-EA93-4180-84C1-205F76C5BD74}
		{0CC90FD4-B88F-49BB-9120-77E0A3116B0D} = {6B571532-9555-4134-A647-85E5FE5A6099}
	EndGlobalSection
EndGlobal
