
Microsoft Visual Studio Solution File, Format Version 12.00
# Visual Studio Version 17
VisualStudioVersion = 17.0.31903.59
MinimumVisualStudioVersion = 10.0.40219.1
Project("{2150E333-8FDC-42A3-9474-1A3956D46DE8}") = "Solution Items", "Solution Items", "{B1112142-1722-42AD-A949-5D648397433E}"
	ProjectSection(SolutionItems) = preProject
		docker-compose.yml = docker-compose.yml
	EndProjectSection
EndProject
Project("{FAE04EC0-301F-11D3-BF4B-00C04F79EFBC}") = "Sirius.API", "Sirius.API\Sirius.API.csproj", "{FA259DE2-E10D-4531-96A0-F9829968464D}"
EndProject
Project("{FAE04EC0-301F-11D3-BF4B-00C04F79EFBC}") = "Sirius.Infrastructure", "Sirius.Infrastructure\Sirius.Infrastructure.csproj", "{315864A4-DB05-4ABA-9CF6-BDA2677A8FD5}"
EndProject
Project("{FAE04EC0-301F-11D3-BF4B-00C04F79EFBC}") = "Sirius.Core", "Sirius.Core\Sirius.Core.csproj", "{64AC4620-CE05-4B9F-B1FE-1E284619EBD6}"
EndProject
Project("{FAE04EC0-301F-11D3-BF4B-00C04F79EFBC}") = "Sirius.Application", "Sirius.Application\Sirius.Application.csproj", "{1BADA3E8-F52C-41F7-8758-1CEF01E182D3}"
EndProject
Global
	GlobalSection(SolutionConfigurationPlatforms) = preSolution
		Debug|Any CPU = Debug|Any CPU
		Release|Any CPU = Release|Any CPU
	EndGlobalSection
	GlobalSection(ProjectConfigurationPlatforms) = postSolution
		{FA259DE2-E10D-4531-96A0-F9829968464D}.Debug|Any CPU.ActiveCfg = Debug|Any CPU
		{FA259DE2-E10D-4531-96A0-F9829968464D}.Debug|Any CPU.Build.0 = Debug|Any CPU
		{FA259DE2-E10D-4531-96A0-F9829968464D}.Release|Any CPU.ActiveCfg = Release|Any CPU
		{FA259DE2-E10D-4531-96A0-F9829968464D}.Release|Any CPU.Build.0 = Release|Any CPU
		{315864A4-DB05-4ABA-9CF6-BDA2677A8FD5}.Debug|Any CPU.ActiveCfg = Debug|Any CPU
		{315864A4-DB05-4ABA-9CF6-BDA2677A8FD5}.Debug|Any CPU.Build.0 = Debug|Any CPU
		{315864A4-DB05-4ABA-9CF6-BDA2677A8FD5}.Release|Any CPU.ActiveCfg = Release|Any CPU
		{315864A4-DB05-4ABA-9CF6-BDA2677A8FD5}.Release|Any CPU.Build.0 = Release|Any CPU
		{64AC4620-CE05-4B9F-B1FE-1E284619EBD6}.Debug|Any CPU.ActiveCfg = Debug|Any CPU
		{64AC4620-CE05-4B9F-B1FE-1E284619EBD6}.Debug|Any CPU.Build.0 = Debug|Any CPU
		{64AC4620-CE05-4B9F-B1FE-1E284619EBD6}.Release|Any CPU.ActiveCfg = Release|Any CPU
		{64AC4620-CE05-4B9F-B1FE-1E284619EBD6}.Release|Any CPU.Build.0 = Release|Any CPU
		{1BADA3E8-F52C-41F7-8758-1CEF01E182D3}.Debug|Any CPU.ActiveCfg = Debug|Any CPU
		{1BADA3E8-F52C-41F7-8758-1CEF01E182D3}.Debug|Any CPU.Build.0 = Debug|Any CPU
		{1BADA3E8-F52C-41F7-8758-1CEF01E182D3}.Release|Any CPU.ActiveCfg = Release|Any CPU
		{1BADA3E8-F52C-41F7-8758-1CEF01E182D3}.Release|Any CPU.Build.0 = Release|Any CPU
	EndGlobalSection
	GlobalSection(SolutionProperties) = preSolution
		HideSolutionNode = FALSE
	EndGlobalSection
	GlobalSection(NestedProjects) = preSolution
	EndGlobalSection
EndGlobal
